github.com/czarv30/Go_simple_server_db v0.0.0-20250827183603-84f291df058c h1:kbjENZWCyDDc/vRqYBVhat9BSNcCOdYCzSa3+lN0sTA=
github.com/czarv30/Go_simple_server_db v0.0.0-20250827183603-84f291df058c/go.mod h1:G7sxTyvNty1i38noOPpBl5on3VJK+moiqLYq6RaFNhg=
github.com/czarv30/Go_simple_server_db v0.0.0-20250829185624-6ca125b4295a h1:8YDXtZ1Hu4Vnzpd0sH7Pyt28X1EEWq18it4s59sxnO0=
github.com/czarv30/Go_simple_server_db v0.0.0-20250829185624-6ca125b4295a/go.mod h1:G7sxTyvNty1i38noOPpBl5on3VJK+moiqLYq6RaFNhg=
github.com/lib/pq v1.10.9 h1:YXG7RB+JIjhP29X+OtkiDnYaXQwpS4JEWq7dtCCRUEw=
github.com/lib/pq v1.10.9/go.mod h1:AlVN5x4E4T544tWzH6hKfbfQvm3HdbOxrmggDNAPY9o=
